PODS:
  - BetterSegmentedControl (1.2.1)
  - SharkORM (2.3.62)
  - SPStorkController (1.7.9)

DEPENDENCIES:
  - BetterSegmentedControl
  - SharkORM
  - SPStorkController

SPEC REPOS:
  https://github.com/cocoapods/specs.git:
    - BetterSegmentedControl
    - SharkORM
    - SPStorkController

SPEC CHECKSUMS:
  BetterSegmentedControl: b27bddbdff29b6cae988678d6cd106858986cd03
  SharkORM: ff65244dfc2e1fa4613badad7c42f6febc1951cc
  SPStorkController: 36bd84206267232747b19d48852659bd71ede28f

PODFILE CHECKSUM: 78d477f7b414fcb984250b8f2455ea4390e22070

COCOAPODS: 1.7.5
